
Microsoft Visual Studio Solution File, Format Version 12.00
# Visual Studio Version 17
VisualStudioVersion = 17.9.34616.47
MinimumVisualStudioVersion = 10.0.40219.1
Project("{FAE04EC0-301F-11D3-BF4B-00C04F79EFBC}") = "ProjectCRUDSederhana", "ProjectCRUDSederhana.csproj", "{A8F6B72F-C7AE-473B-A753-E9EC9D850386}"
EndProject
Global
	GlobalSection(SolutionConfigurationPlatforms) = preSolution
		Debug|Any CPU = Debug|Any CPU
		Release|Any CPU = Release|Any CPU
	EndGlobalSection
	GlobalSection(ProjectConfigurationPlatforms) = postSolution
		{A8F6B72F-C7AE-473B-A753-E9EC9D850386}.Debug|Any CPU.ActiveCfg = Debug|Any CPU
		{A8F6B72F-C7AE-473B-A753-E9EC9D850386}.Debug|Any CPU.Build.0 = Debug|Any CPU
		{A8F6B72F-C7AE-473B-A753-E9EC9D850386}.Release|Any CPU.ActiveCfg = Release|Any CPU
		{A8F6B72F-C7AE-473B-A753-E9EC9D850386}.Release|Any CPU.Build.0 = Release|Any CPU
	EndGlobalSection
	GlobalSection(SolutionProperties) = preSolution
		HideSolutionNode = FALSE
	EndGlobalSection
	GlobalSection(ExtensibilityGlobals) = postSolution
		SolutionGuid = {F987FDCF-E7E1-4A09-9F9B-B8113C2005EF}
	EndGlobalSection
EndGlobal
